
Microsoft Visual Studio Solution File, Format Version 12.00
# Visual Studio Version 17
VisualStudioVersion = 17.9.34607.119
MinimumVisualStudioVersion = 10.0.40219.1
Project("{FAE04EC0-301F-11D3-BF4B-00C04F79EFBC}") = "Train", "Train.csproj", "{7E83120D-59B9-4143-AF92-84084D1F2578}"
EndProject
Global
	GlobalSection(SolutionConfigurationPlatforms) = preSolution
		Debug|Any CPU = Debug|Any CPU
		Release|Any CPU = Release|Any CPU
	EndGlobalSection
	GlobalSection(ProjectConfigurationPlatforms) = postSolution
		{7E83120D-59B9-4143-AF92-84084D1F2578}.Debug|Any CPU.ActiveCfg = Debug|Any CPU
		{7E83120D-59B9-4143-AF92-84084D1F2578}.Debug|Any CPU.Build.0 = Debug|Any CPU
		{7E83120D-59B9-4143-AF92-84084D1F2578}.Release|Any CPU.ActiveCfg = Release|Any CPU
		{7E83120D-59B9-4143-AF92-84084D1F2578}.Release|Any CPU.Build.0 = Release|Any CPU
	EndGlobalSection
	GlobalSection(SolutionProperties) = preSolution
		HideSolutionNode = FALSE
	EndGlobalSection
	GlobalSection(ExtensibilityGlobals) = postSolution
		SolutionGuid = {1BA03C16-292F-47C2-B474-3D01EB820B8C}
	EndGlobalSection
EndGlobal
